
Microsoft Visual Studio Solution File, Format Version 12.00
# Visual Studio Version 16
VisualStudioVersion = 16.0.32228.343
MinimumVisualStudioVersion = 10.0.40219.1
Project("{9A19103F-16F7-4668-BE54-9A1E7A4F7556}") = "Entities", "Entities\Entities.csproj", "{6358B8E5-AC08-454C-A238-CB6851E377A8}"
EndProject
Project("{FAE04EC0-301F-11D3-BF4B-00C04F79EFBC}") = "Core", "Core\Core.csproj", "{D49C4BC9-F818-40DE-A388-EA8B83BC3F7B}"
EndProject
Project("{FAE04EC0-301F-11D3-BF4B-00C04F79EFBC}") = "DataAccess", "DataAccess\DataAccess.csproj", "{0D6D691A-B649-4228-8F68-C0C806825F65}"
EndProject
Project("{FAE04EC0-301F-11D3-BF4B-00C04F79EFBC}") = "ConsoleApp1", "ConsoleApp1\ConsoleApp1.csproj", "{53A45D0D-412A-427D-BF6C-6BC6D73481E4}"
EndProject
Global
	GlobalSection(SolutionConfigurationPlatforms) = preSolution
		Debug|Any CPU = Debug|Any CPU
		Release|Any CPU = Release|Any CPU
	EndGlobalSection
	GlobalSection(ProjectConfigurationPlatforms) = postSolution
		{6358B8E5-AC08-454C-A238-CB6851E377A8}.Debug|Any CPU.ActiveCfg = Debug|Any CPU
		{6358B8E5-AC08-454C-A238-CB6851E377A8}.Debug|Any CPU.Build.0 = Debug|Any CPU
		{6358B8E5-AC08-454C-A238-CB6851E377A8}.Release|Any CPU.ActiveCfg = Release|Any CPU
		{6358B8E5-AC08-454C-A238-CB6851E377A8}.Release|Any CPU.Build.0 = Release|Any CPU
		{D49C4BC9-F818-40DE-A388-EA8B83BC3F7B}.Debug|Any CPU.ActiveCfg = Debug|Any CPU
		{D49C4BC9-F818-40DE-A388-EA8B83BC3F7B}.Debug|Any CPU.Build.0 = Debug|Any CPU
		{D49C4BC9-F818-40DE-A388-EA8B83BC3F7B}.Release|Any CPU.ActiveCfg = Release|Any CPU
		{D49C4BC9-F818-40DE-A388-EA8B83BC3F7B}.Release|Any CPU.Build.0 = Release|Any CPU
		{0D6D691A-B649-4228-8F68-C0C806825F65}.Debug|Any CPU.ActiveCfg = Debug|Any CPU
		{0D6D691A-B649-4228-8F68-C0C806825F65}.Debug|Any CPU.Build.0 = Debug|Any CPU
		{0D6D691A-B649-4228-8F68-C0C806825F65}.Release|Any CPU.ActiveCfg = Release|Any CPU
		{0D6D691A-B649-4228-8F68-C0C806825F65}.Release|Any CPU.Build.0 = Release|Any CPU
		{53A45D0D-412A-427D-BF6C-6BC6D73481E4}.Debug|Any CPU.ActiveCfg = Debug|Any CPU
		{53A45D0D-412A-427D-BF6C-6BC6D73481E4}.Debug|Any CPU.Build.0 = Debug|Any CPU
		{53A45D0D-412A-427D-BF6C-6BC6D73481E4}.Release|Any CPU.ActiveCfg = Release|Any CPU
		{53A45D0D-412A-427D-BF6C-6BC6D73481E4}.Release|Any CPU.Build.0 = Release|Any CPU
	EndGlobalSection
	GlobalSection(SolutionProperties) = preSolution
		HideSolutionNode = FALSE
	EndGlobalSection
	GlobalSection(ExtensibilityGlobals) = postSolution
		SolutionGuid = {F11F263B-0D5D-45CC-BD3C-C84E121E618A}
	EndGlobalSection
EndGlobal
